
Microsoft Visual Studio Solution File, Format Version 12.00
# Visual Studio Version 17
VisualStudioVersion = 17.1.32407.343
MinimumVisualStudioVersion = 10.0.40219.1
Project("{FAE04EC0-301F-11D3-BF4B-00C04F79EFBC}") = "WebApp", "WebApp\WebApp.csproj", "{FCCC6883-7D12-45AD-80FD-5882BC5F9F19}"
EndProject
Project("{FAE04EC0-301F-11D3-BF4B-00C04F79EFBC}") = "DataAccess", "DataAccess\DataAccess.csproj", "{E4485741-48A3-44D5-A736-BF8E766E017F}"
EndProject
Project("{FAE04EC0-301F-11D3-BF4B-00C04F79EFBC}") = "Models", "Models\Models.csproj", "{C831DFC5-A8AC-4801-8273-82DC4E74C9FC}"
EndProject
Project("{FAE04EC0-301F-11D3-BF4B-00C04F79EFBC}") = "Utility", "Utility\Utility.csproj", "{2387D378-48FC-4EB7-9B18-52D6704AA9FE}"
EndProject
Global
	GlobalSection(SolutionConfigurationPlatforms) = preSolution
		Debug|Any CPU = Debug|Any CPU
		Release|Any CPU = Release|Any CPU
	EndGlobalSection
	GlobalSection(ProjectConfigurationPlatforms) = postSolution
		{FCCC6883-7D12-45AD-80FD-5882BC5F9F19}.Debug|Any CPU.ActiveCfg = Debug|Any CPU
		{FCCC6883-7D12-45AD-80FD-5882BC5F9F19}.Debug|Any CPU.Build.0 = Debug|Any CPU
		{FCCC6883-7D12-45AD-80FD-5882BC5F9F19}.Release|Any CPU.ActiveCfg = Release|Any CPU
		{FCCC6883-7D12-45AD-80FD-5882BC5F9F19}.Release|Any CPU.Build.0 = Release|Any CPU
		{E4485741-48A3-44D5-A736-BF8E766E017F}.Debug|Any CPU.ActiveCfg = Debug|Any CPU
		{E4485741-48A3-44D5-A736-BF8E766E017F}.Debug|Any CPU.Build.0 = Debug|Any CPU
		{E4485741-48A3-44D5-A736-BF8E766E017F}.Release|Any CPU.ActiveCfg = Release|Any CPU
		{E4485741-48A3-44D5-A736-BF8E766E017F}.Release|Any CPU.Build.0 = Release|Any CPU
		{C831DFC5-A8AC-4801-8273-82DC4E74C9FC}.Debug|Any CPU.ActiveCfg = Debug|Any CPU
		{C831DFC5-A8AC-4801-8273-82DC4E74C9FC}.Debug|Any CPU.Build.0 = Debug|Any CPU
		{C831DFC5-A8AC-4801-8273-82DC4E74C9FC}.Release|Any CPU.ActiveCfg = Release|Any CPU
		{C831DFC5-A8AC-4801-8273-82DC4E74C9FC}.Release|Any CPU.Build.0 = Release|Any CPU
		{2387D378-48FC-4EB7-9B18-52D6704AA9FE}.Debug|Any CPU.ActiveCfg = Debug|Any CPU
		{2387D378-48FC-4EB7-9B18-52D6704AA9FE}.Debug|Any CPU.Build.0 = Debug|Any CPU
		{2387D378-48FC-4EB7-9B18-52D6704AA9FE}.Release|Any CPU.ActiveCfg = Release|Any CPU
		{2387D378-48FC-4EB7-9B18-52D6704AA9FE}.Release|Any CPU.Build.0 = Release|Any CPU
	EndGlobalSection
	GlobalSection(SolutionProperties) = preSolution
		HideSolutionNode = FALSE
	EndGlobalSection
	GlobalSection(ExtensibilityGlobals) = postSolution
		SolutionGuid = {31E4AF6A-1F30-4621-B121-F07984C7F0EE}
	EndGlobalSection
EndGlobal
